
Microsoft Visual Studio Solution File, Format Version 12.00
# Visual Studio Version 16
VisualStudioVersion = 16.0.31019.35
MinimumVisualStudioVersion = 10.0.40219.1
Project("{FAE04EC0-301F-11D3-BF4B-00C04F79EFBC}") = "QSpace.API", "QSpace.API\QSpace.API.csproj", "{1B98CEA4-A1FD-4614-AD8F-7D229136E67B}"
EndProject
Project("{FAE04EC0-301F-11D3-BF4B-00C04F79EFBC}") = "QSpace.Data", "QSpace.Data\QSpace.Data.csproj", "{EC66A25E-45E6-49AC-BB88-86117ED13110}"
EndProject
Project("{FAE04EC0-301F-11D3-BF4B-00C04F79EFBC}") = "QSpace.Core", "QSpace.Core\QSpace.Core.csproj", "{0060BC9D-70A2-487D-9DE0-D86B2055262F}"
EndProject
Project("{FAE04EC0-301F-11D3-BF4B-00C04F79EFBC}") = "QSpace.Infrastructure", "QSpace.Infrastructure\QSpace.Infrastructure.csproj", "{393408C5-39E8-4D34-9918-99481A1726C1}"
EndProject
Global
	GlobalSection(SolutionConfigurationPlatforms) = preSolution
		Debug|Any CPU = Debug|Any CPU
		Release|Any CPU = Release|Any CPU
	EndGlobalSection
	GlobalSection(ProjectConfigurationPlatforms) = postSolution
		{1B98CEA4-A1FD-4614-AD8F-7D229136E67B}.Debug|Any CPU.ActiveCfg = Debug|Any CPU
		{1B98CEA4-A1FD-4614-AD8F-7D229136E67B}.Debug|Any CPU.Build.0 = Debug|Any CPU
		{1B98CEA4-A1FD-4614-AD8F-7D229136E67B}.Release|Any CPU.ActiveCfg = Release|Any CPU
		{1B98CEA4-A1FD-4614-AD8F-7D229136E67B}.Release|Any CPU.Build.0 = Release|Any CPU
		{EC66A25E-45E6-49AC-BB88-86117ED13110}.Debug|Any CPU.ActiveCfg = Debug|Any CPU
		{EC66A25E-45E6-49AC-BB88-86117ED13110}.Debug|Any CPU.Build.0 = Debug|Any CPU
		{EC66A25E-45E6-49AC-BB88-86117ED13110}.Release|Any CPU.ActiveCfg = Release|Any CPU
		{EC66A25E-45E6-49AC-BB88-86117ED13110}.Release|Any CPU.Build.0 = Release|Any CPU
		{0060BC9D-70A2-487D-9DE0-D86B2055262F}.Debug|Any CPU.ActiveCfg = Debug|Any CPU
		{0060BC9D-70A2-487D-9DE0-D86B2055262F}.Debug|Any CPU.Build.0 = Debug|Any CPU
		{0060BC9D-70A2-487D-9DE0-D86B2055262F}.Release|Any CPU.ActiveCfg = Release|Any CPU
		{0060BC9D-70A2-487D-9DE0-D86B2055262F}.Release|Any CPU.Build.0 = Release|Any CPU
		{393408C5-39E8-4D34-9918-99481A1726C1}.Debug|Any CPU.ActiveCfg = Debug|Any CPU
		{393408C5-39E8-4D34-9918-99481A1726C1}.Debug|Any CPU.Build.0 = Debug|Any CPU
		{393408C5-39E8-4D34-9918-99481A1726C1}.Release|Any CPU.ActiveCfg = Release|Any CPU
		{393408C5-39E8-4D34-9918-99481A1726C1}.Release|Any CPU.Build.0 = Release|Any CPU
	EndGlobalSection
	GlobalSection(SolutionProperties) = preSolution
		HideSolutionNode = FALSE
	EndGlobalSection
	GlobalSection(ExtensibilityGlobals) = postSolution
		SolutionGuid = {3061A04B-4D77-4F25-8E64-0854BAEA9519}
	EndGlobalSection
EndGlobal
